// !$*UTF8*$!
{
	archiveVersion = 1;
	classes = {
	};
	objectVersion = 50;
	objects = {

/* Begin PBXBuildFile section */
		D6113C50223251C300E1CC6F /* MyCommunityController.swift in Sources */ = {isa = PBXBuildFile; fileRef = D6113C4F223251C300E1CC6F /* MyCommunityController.swift */; };
		D6113C522232521E00E1CC6F /* MyCommunityCell.swift in Sources */ = {isa = PBXBuildFile; fileRef = D6113C512232521E00E1CC6F /* MyCommunityCell.swift */; };
		D6176535222696D4003E39D9 /* AppDelegate.swift in Sources */ = {isa = PBXBuildFile; fileRef = D6176534222696D4003E39D9 /* AppDelegate.swift */; };
		D617653A222696D4003E39D9 /* Main.storyboard in Resources */ = {isa = PBXBuildFile; fileRef = D6176538222696D4003E39D9 /* Main.storyboard */; };
		D617653C222696D5003E39D9 /* Assets.xcassets in Resources */ = {isa = PBXBuildFile; fileRef = D617653B222696D5003E39D9 /* Assets.xcassets */; };
		D617653F222696D5003E39D9 /* LaunchScreen.storyboard in Resources */ = {isa = PBXBuildFile; fileRef = D617653D222696D5003E39D9 /* LaunchScreen.storyboard */; };
		D61765632226972D003E39D9 /* LoginFormController.swift in Sources */ = {isa = PBXBuildFile; fileRef = D61765622226972D003E39D9 /* LoginFormController.swift */; };
		D61D0DCD223F3BF40085BA12 /* LikeShareControl.xib in Resources */ = {isa = PBXBuildFile; fileRef = D61D0DCC223F3BF40085BA12 /* LikeShareControl.xib */; };
		D61FF087223FC60F007DED7E /* SearchBarCell.swift in Sources */ = {isa = PBXBuildFile; fileRef = D61FF085223FC60F007DED7E /* SearchBarCell.swift */; };
		D61FF088223FC60F007DED7E /* SearchBarCell.xib in Resources */ = {isa = PBXBuildFile; fileRef = D61FF086223FC60F007DED7E /* SearchBarCell.xib */; };
		D61FF0D22243A1C4007DED7E /* CircleIndicator.swift in Sources */ = {isa = PBXBuildFile; fileRef = D61FF0D12243A1C3007DED7E /* CircleIndicator.swift */; };
		D61FF0D42243A200007DED7E /* CircleIndicator.xib in Resources */ = {isa = PBXBuildFile; fileRef = D61FF0D32243A200007DED7E /* CircleIndicator.xib */; };
		D656DBD7223DF5C70076F5D3 /* Avatar.swift in Sources */ = {isa = PBXBuildFile; fileRef = D656DBD6223DF5C70076F5D3 /* Avatar.swift */; };
		D656DBDF223E25890076F5D3 /* NewsViewController.swift in Sources */ = {isa = PBXBuildFile; fileRef = D656DBDE223E25890076F5D3 /* NewsViewController.swift */; };
		D656DBE1223E25B00076F5D3 /* NewsCell.swift in Sources */ = {isa = PBXBuildFile; fileRef = D656DBE0223E25B00076F5D3 /* NewsCell.swift */; };
		D656DC0C223E6C690076F5D3 /* LikeShareControl.swift in Sources */ = {isa = PBXBuildFile; fileRef = D656DC0B223E6C690076F5D3 /* LikeShareControl.swift */; };
		D67876642232197F00954829 /* FriendListController.swift in Sources */ = {isa = PBXBuildFile; fileRef = D67876632232197F00954829 /* FriendListController.swift */; };
		D678766E2232371C00954829 /* CommunitiesList.swift in Sources */ = {isa = PBXBuildFile; fileRef = D678766D2232371C00954829 /* CommunitiesList.swift */; };
		D6787670223237EB00954829 /* CommunityCell.swift in Sources */ = {isa = PBXBuildFile; fileRef = D678766F223237EB00954829 /* CommunityCell.swift */; };
		D69DB47B2230C3A90098797D /* FriendNameCell.swift in Sources */ = {isa = PBXBuildFile; fileRef = D69DB47A2230C3A90098797D /* FriendNameCell.swift */; };
		D6CDE73422337CD900025740 /* FriendFotoController.swift in Sources */ = {isa = PBXBuildFile; fileRef = D6CDE73322337CD900025740 /* FriendFotoController.swift */; };
		D6CDE73622337D0B00025740 /* FriendFotoCell.swift in Sources */ = {isa = PBXBuildFile; fileRef = D6CDE73522337D0B00025740 /* FriendFotoCell.swift */; };
/* End PBXBuildFile section */

/* Begin PBXContainerItemProxy section */
		D6176546222696D6003E39D9 /* PBXContainerItemProxy */ = {
			isa = PBXContainerItemProxy;
			containerPortal = D6176529222696D4003E39D9 /* Project object */;
			proxyType = 1;
			remoteGlobalIDString = D6176530222696D4003E39D9;
			remoteInfo = Weather;
		};
		D6176551222696D6003E39D9 /* PBXContainerItemProxy */ = {
			isa = PBXContainerItemProxy;
			containerPortal = D6176529222696D4003E39D9 /* Project object */;
			proxyType = 1;
			remoteGlobalIDString = D6176530222696D4003E39D9;
			remoteInfo = Weather;
		};
/* End PBXContainerItemProxy section */

/* Begin PBXFileReference section */
		D6113C4F223251C300E1CC6F /* MyCommunityController.swift */ = {isa = PBXFileReference; lastKnownFileType = sourcecode.swift; path = MyCommunityController.swift; sourceTree = "<group>"; };
		D6113C512232521E00E1CC6F /* MyCommunityCell.swift */ = {isa = PBXFileReference; lastKnownFileType = sourcecode.swift; path = MyCommunityCell.swift; sourceTree = "<group>"; };
		D6176531222696D4003E39D9 /* Weather.app */ = {isa = PBXFileReference; explicitFileType = wrapper.application; includeInIndex = 0; path = Weather.app; sourceTree = BUILT_PRODUCTS_DIR; };
		D6176534222696D4003E39D9 /* AppDelegate.swift */ = {isa = PBXFileReference; lastKnownFileType = sourcecode.swift; path = AppDelegate.swift; sourceTree = "<group>"; };
		D6176539222696D4003E39D9 /* Base */ = {isa = PBXFileReference; lastKnownFileType = file.storyboard; name = Base; path = Base.lproj/Main.storyboard; sourceTree = "<group>"; };
		D617653B222696D5003E39D9 /* Assets.xcassets */ = {isa = PBXFileReference; lastKnownFileType = folder.assetcatalog; path = Assets.xcassets; sourceTree = "<group>"; };
		D617653E222696D5003E39D9 /* Base */ = {isa = PBXFileReference; lastKnownFileType = file.storyboard; name = Base; path = Base.lproj/LaunchScreen.storyboard; sourceTree = "<group>"; };
		D6176540222696D5003E39D9 /* Info.plist */ = {isa = PBXFileReference; lastKnownFileType = text.plist.xml; path = Info.plist; sourceTree = "<group>"; };
		D6176545222696D6003E39D9 /* WeatherTests.xctest */ = {isa = PBXFileReference; explicitFileType = wrapper.cfbundle; includeInIndex = 0; path = WeatherTests.xctest; sourceTree = BUILT_PRODUCTS_DIR; };
		D6176550222696D6003E39D9 /* WeatherUITests.xctest */ = {isa = PBXFileReference; explicitFileType = wrapper.cfbundle; includeInIndex = 0; path = WeatherUITests.xctest; sourceTree = BUILT_PRODUCTS_DIR; };
		D61765622226972D003E39D9 /* LoginFormController.swift */ = {isa = PBXFileReference; lastKnownFileType = sourcecode.swift; path = LoginFormController.swift; sourceTree = "<group>"; };
		D61D0DCC223F3BF40085BA12 /* LikeShareControl.xib */ = {isa = PBXFileReference; lastKnownFileType = file.xib; path = LikeShareControl.xib; sourceTree = "<group>"; };
		D61FF085223FC60F007DED7E /* SearchBarCell.swift */ = {isa = PBXFileReference; lastKnownFileType = sourcecode.swift; path = SearchBarCell.swift; sourceTree = "<group>"; };
		D61FF086223FC60F007DED7E /* SearchBarCell.xib */ = {isa = PBXFileReference; lastKnownFileType = file.xib; path = SearchBarCell.xib; sourceTree = "<group>"; };
		D61FF0D12243A1C3007DED7E /* CircleIndicator.swift */ = {isa = PBXFileReference; lastKnownFileType = sourcecode.swift; path = CircleIndicator.swift; sourceTree = "<group>"; };
		D61FF0D32243A200007DED7E /* CircleIndicator.xib */ = {isa = PBXFileReference; lastKnownFileType = file.xib; path = CircleIndicator.xib; sourceTree = "<group>"; };
		D656DBD6223DF5C70076F5D3 /* Avatar.swift */ = {isa = PBXFileReference; lastKnownFileType = sourcecode.swift; path = Avatar.swift; sourceTree = "<group>"; };
		D656DBDE223E25890076F5D3 /* NewsViewController.swift */ = {isa = PBXFileReference; lastKnownFileType = sourcecode.swift; path = NewsViewController.swift; sourceTree = "<group>"; };
		D656DBE0223E25B00076F5D3 /* NewsCell.swift */ = {isa = PBXFileReference; lastKnownFileType = sourcecode.swift; path = NewsCell.swift; sourceTree = "<group>"; };
		D656DC0B223E6C690076F5D3 /* LikeShareControl.swift */ = {isa = PBXFileReference; lastKnownFileType = sourcecode.swift; path = LikeShareControl.swift; sourceTree = "<group>"; };
		D67876632232197F00954829 /* FriendListController.swift */ = {isa = PBXFileReference; lastKnownFileType = sourcecode.swift; path = FriendListController.swift; sourceTree = "<group>"; };
		D678766D2232371C00954829 /* CommunitiesList.swift */ = {isa = PBXFileReference; lastKnownFileType = sourcecode.swift; path = CommunitiesList.swift; sourceTree = "<group>"; };
		D678766F223237EB00954829 /* CommunityCell.swift */ = {isa = PBXFileReference; lastKnownFileType = sourcecode.swift; path = CommunityCell.swift; sourceTree = "<group>"; };
		D69DB47A2230C3A90098797D /* FriendNameCell.swift */ = {isa = PBXFileReference; lastKnownFileType = sourcecode.swift; path = FriendNameCell.swift; sourceTree = "<group>"; };
		D6CDE73322337CD900025740 /* FriendFotoController.swift */ = {isa = PBXFileReference; lastKnownFileType = sourcecode.swift; path = FriendFotoController.swift; sourceTree = "<group>"; };
		D6CDE73522337D0B00025740 /* FriendFotoCell.swift */ = {isa = PBXFileReference; lastKnownFileType = sourcecode.swift; path = FriendFotoCell.swift; sourceTree = "<group>"; };
/* End PBXFileReference section */

/* Begin PBXFrameworksBuildPhase section */
		D617652E222696D4003E39D9 /* Frameworks */ = {
			isa = PBXFrameworksBuildPhase;
			buildActionMask = 2147483647;
			files = (
			);
			runOnlyForDeploymentPostprocessing = 0;
		};
		D6176542222696D6003E39D9 /* Frameworks */ = {
			isa = PBXFrameworksBuildPhase;
			buildActionMask = 2147483647;
			files = (
			);
			runOnlyForDeploymentPostprocessing = 0;
		};
		D617654D222696D6003E39D9 /* Frameworks */ = {
			isa = PBXFrameworksBuildPhase;
			buildActionMask = 2147483647;
			files = (
			);
			runOnlyForDeploymentPostprocessing = 0;
		};
/* End PBXFrameworksBuildPhase section */

/* Begin PBXGroup section */
		D6176528222696D4003E39D9 = {
			isa = PBXGroup;
			children = (
				D6176533222696D4003E39D9 /* Weather */,
				D6176532222696D4003E39D9 /* Products */,
			);
			sourceTree = "<group>";
		};
		D6176532222696D4003E39D9 /* Products */ = {
			isa = PBXGroup;
			children = (
				D6176531222696D4003E39D9 /* Weather.app */,
				D6176545222696D6003E39D9 /* WeatherTests.xctest */,
				D6176550222696D6003E39D9 /* WeatherUITests.xctest */,
			);
			name = Products;
			sourceTree = "<group>";
		};
		D6176533222696D4003E39D9 /* Weather */ = {
			isa = PBXGroup;
			children = (
				D6176534222696D4003E39D9 /* AppDelegate.swift */,
				D617653D222696D5003E39D9 /* LaunchScreen.storyboard */,
				D6176540222696D5003E39D9 /* Info.plist */,
				D617653B222696D5003E39D9 /* Assets.xcassets */,
				D6176538222696D4003E39D9 /* Main.storyboard */,
				D61765622226972D003E39D9 /* LoginFormController.swift */,
				D61FF08B2241DC97007DED7E /* News */,
				D61FF08A2241DC3C007DED7E /* Friends */,
				D61FF0892241DBF3007DED7E /* Communities */,
				D61FF08C2241DD90007DED7E /* Service */,
			);
			path = Weather;
			sourceTree = "<group>";
		};
		D61FF0892241DBF3007DED7E /* Communities */ = {
			isa = PBXGroup;
			children = (
				D6113C4F223251C300E1CC6F /* MyCommunityController.swift */,
				D6113C512232521E00E1CC6F /* MyCommunityCell.swift */,
				D678766D2232371C00954829 /* CommunitiesList.swift */,
				D678766F223237EB00954829 /* CommunityCell.swift */,
			);
			path = Communities;
			sourceTree = "<group>";
		};
		D61FF08A2241DC3C007DED7E /* Friends */ = {
			isa = PBXGroup;
			children = (
				D67876632232197F00954829 /* FriendListController.swift */,
				D69DB47A2230C3A90098797D /* FriendNameCell.swift */,
				D6CDE73322337CD900025740 /* FriendFotoController.swift */,
				D6CDE73522337D0B00025740 /* FriendFotoCell.swift */,
			);
			path = Friends;
			sourceTree = "<group>";
		};
		D61FF08B2241DC97007DED7E /* News */ = {
			isa = PBXGroup;
			children = (
				D656DBDE223E25890076F5D3 /* NewsViewController.swift */,
				D656DBE0223E25B00076F5D3 /* NewsCell.swift */,
			);
			path = News;
			sourceTree = "<group>";
		};
		D61FF08C2241DD90007DED7E /* Service */ = {
			isa = PBXGroup;
			children = (
				D656DBD6223DF5C70076F5D3 /* Avatar.swift */,
				D656DC0B223E6C690076F5D3 /* LikeShareControl.swift */,
				D61D0DCC223F3BF40085BA12 /* LikeShareControl.xib */,
				D61FF085223FC60F007DED7E /* SearchBarCell.swift */,
				D61FF086223FC60F007DED7E /* SearchBarCell.xib */,
				D61FF0D12243A1C3007DED7E /* CircleIndicator.swift */,
				D61FF0D32243A200007DED7E /* CircleIndicator.xib */,
			);
			path = Service;
			sourceTree = "<group>";
		};
/* End PBXGroup section */

/* Begin PBXNativeTarget section */
		D6176530222696D4003E39D9 /* Weather */ = {
			isa = PBXNativeTarget;
			buildConfigurationList = D6176559222696D6003E39D9 /* Build configuration list for PBXNativeTarget "Weather" */;
			buildPhases = (
				D617652D222696D4003E39D9 /* Sources */,
				D617652E222696D4003E39D9 /* Frameworks */,
				D617652F222696D4003E39D9 /* Resources */,
			);
			buildRules = (
			);
			dependencies = (
			);
			name = Weather;
			productName = Weather;
			productReference = D6176531222696D4003E39D9 /* Weather.app */;
			productType = "com.apple.product-type.application";
		};
		D6176544222696D6003E39D9 /* WeatherTests */ = {
			isa = PBXNativeTarget;
			buildConfigurationList = D617655C222696D6003E39D9 /* Build configuration list for PBXNativeTarget "WeatherTests" */;
			buildPhases = (
				D6176541222696D6003E39D9 /* Sources */,
				D6176542222696D6003E39D9 /* Frameworks */,
				D6176543222696D6003E39D9 /* Resources */,
			);
			buildRules = (
			);
			dependencies = (
				D6176547222696D6003E39D9 /* PBXTargetDependency */,
			);
			name = WeatherTests;
			productName = WeatherTests;
			productReference = D6176545222696D6003E39D9 /* WeatherTests.xctest */;
			productType = "com.apple.product-type.bundle.unit-test";
		};
		D617654F222696D6003E39D9 /* WeatherUITests */ = {
			isa = PBXNativeTarget;
			buildConfigurationList = D617655F222696D6003E39D9 /* Build configuration list for PBXNativeTarget "WeatherUITests" */;
			buildPhases = (
				D617654C222696D6003E39D9 /* Sources */,
				D617654D222696D6003E39D9 /* Frameworks */,
				D617654E222696D6003E39D9 /* Resources */,
			);
			buildRules = (
			);
			dependencies = (
				D6176552222696D6003E39D9 /* PBXTargetDependency */,
			);
			name = WeatherUITests;
			productName = WeatherUITests;
			productReference = D6176550222696D6003E39D9 /* WeatherUITests.xctest */;
			productType = "com.apple.product-type.bundle.ui-testing";
		};
/* End PBXNativeTarget section */

/* Begin PBXProject section */
		D6176529222696D4003E39D9 /* Project object */ = {
			isa = PBXProject;
			attributes = {
				LastSwiftUpdateCheck = 1010;
				LastUpgradeCheck = 1010;
				ORGANIZATIONNAME = Home;
				TargetAttributes = {
					D6176530222696D4003E39D9 = {
						CreatedOnToolsVersion = 10.1;
					};
					D6176544222696D6003E39D9 = {
						CreatedOnToolsVersion = 10.1;
						TestTargetID = D6176530222696D4003E39D9;
					};
					D617654F222696D6003E39D9 = {
						CreatedOnToolsVersion = 10.1;
						TestTargetID = D6176530222696D4003E39D9;
					};
				};
			};
			buildConfigurationList = D617652C222696D4003E39D9 /* Build configuration list for PBXProject "Weather" */;
			compatibilityVersion = "Xcode 9.3";
			developmentRegion = en;
			hasScannedForEncodings = 0;
			knownRegions = (
				en,
				Base,
			);
			mainGroup = D6176528222696D4003E39D9;
			productRefGroup = D6176532222696D4003E39D9 /* Products */;
			projectDirPath = "";
			projectRoot = "";
			targets = (
				D6176530222696D4003E39D9 /* Weather */,
				D6176544222696D6003E39D9 /* WeatherTests */,
				D617654F222696D6003E39D9 /* WeatherUITests */,
			);
		};
/* End PBXProject section */

/* Begin PBXResourcesBuildPhase section */
		D617652F222696D4003E39D9 /* Resources */ = {
			isa = PBXResourcesBuildPhase;
			buildActionMask = 2147483647;
			files = (
				D617653F222696D5003E39D9 /* LaunchScreen.storyboard in Resources */,
				D617653C222696D5003E39D9 /* Assets.xcassets in Resources */,
				D61D0DCD223F3BF40085BA12 /* LikeShareControl.xib in Resources */,
				D61FF0D42243A200007DED7E /* CircleIndicator.xib in Resources */,
				D617653A222696D4003E39D9 /* Main.storyboard in Resources */,
				D61FF088223FC60F007DED7E /* SearchBarCell.xib in Resources */,
			);
			runOnlyForDeploymentPostprocessing = 0;
		};
		D6176543222696D6003E39D9 /* Resources */ = {
			isa = PBXResourcesBuildPhase;
			buildActionMask = 2147483647;
			files = (
			);
			runOnlyForDeploymentPostprocessing = 0;
		};
		D617654E222696D6003E39D9 /* Resources */ = {
			isa = PBXResourcesBuildPhase;
			buildActionMask = 2147483647;
			files = (
			);
			runOnlyForDeploymentPostprocessing = 0;
		};
/* End PBXResourcesBuildPhase section */

/* Begin PBXSourcesBuildPhase section */
		D617652D222696D4003E39D9 /* Sources */ = {
			isa = PBXSourcesBuildPhase;
			buildActionMask = 2147483647;
			files = (
				D6787670223237EB00954829 /* CommunityCell.swift in Sources */,
				D6113C522232521E00E1CC6F /* MyCommunityCell.swift in Sources */,
				D67876642232197F00954829 /* FriendListController.swift in Sources */,
				D678766E2232371C00954829 /* CommunitiesList.swift in Sources */,
				D656DC0C223E6C690076F5D3 /* LikeShareControl.swift in Sources */,
				D6113C50223251C300E1CC6F /* MyCommunityController.swift in Sources */,
				D6CDE73622337D0B00025740 /* FriendFotoCell.swift in Sources */,
				D656DBDF223E25890076F5D3 /* NewsViewController.swift in Sources */,
				D61FF087223FC60F007DED7E /* SearchBarCell.swift in Sources */,
				D656DBD7223DF5C70076F5D3 /* Avatar.swift in Sources */,
				D6176535222696D4003E39D9 /* AppDelegate.swift in Sources */,
				D69DB47B2230C3A90098797D /* FriendNameCell.swift in Sources */,
				D656DBE1223E25B00076F5D3 /* NewsCell.swift in Sources */,
				D61765632226972D003E39D9 /* LoginFormController.swift in Sources */,
				D6CDE73422337CD900025740 /* FriendFotoController.swift in Sources */,
				D61FF0D22243A1C4007DED7E /* CircleIndicator.swift in Sources */,
			);
			runOnlyForDeploymentPostprocessing = 0;
		};
		D6176541222696D6003E39D9 /* Sources */ = {
			isa = PBXSourcesBuildPhase;
			buildActionMask = 2147483647;
			files = (
			);
			runOnlyForDeploymentPostprocessing = 0;
		};
		D617654C222696D6003E39D9 /* Sources */ = {
			isa = PBXSourcesBuildPhase;
			buildActionMask = 2147483647;
			files = (
			);
			runOnlyForDeploymentPostprocessing = 0;
		};
/* End PBXSourcesBuildPhase section */

/* Begin PBXTargetDependency section */
		D6176547222696D6003E39D9 /* PBXTargetDependency */ = {
			isa = PBXTargetDependency;
			target = D6176530222696D4003E39D9 /* Weather */;
			targetProxy = D6176546222696D6003E39D9 /* PBXContainerItemProxy */;
		};
		D6176552222696D6003E39D9 /* PBXTargetDependency */ = {
			isa = PBXTargetDependency;
			target = D6176530222696D4003E39D9 /* Weather */;
			targetProxy = D6176551222696D6003E39D9 /* PBXContainerItemProxy */;
		};
/* End PBXTargetDependency section */

/* Begin PBXVariantGroup section */
		D6176538222696D4003E39D9 /* Main.storyboard */ = {
			isa = PBXVariantGroup;
			children = (
				D6176539222696D4003E39D9 /* Base */,
			);
			name = Main.storyboard;
			sourceTree = "<group>";
		};
		D617653D222696D5003E39D9 /* LaunchScreen.storyboard */ = {
			isa = PBXVariantGroup;
			children = (
				D617653E222696D5003E39D9 /* Base */,
			);
			name = LaunchScreen.storyboard;
			sourceTree = "<group>";
		};
/* End PBXVariantGroup section */

/* Begin XCBuildConfiguration section */
		D6176557222696D6003E39D9 /* Debug */ = {
			isa = XCBuildConfiguration;
			buildSettings = {
				ALWAYS_SEARCH_USER_PATHS = NO;
				CLANG_ANALYZER_NONNULL = YES;
				CLANG_ANALYZER_NUMBER_OBJECT_CONVERSION = YES_AGGRESSIVE;
				CLANG_CXX_LANGUAGE_STANDARD = "gnu++14";
				CLANG_CXX_LIBRARY = "libc++";
				CLANG_ENABLE_MODULES = YES;
				CLANG_ENABLE_OBJC_ARC = YES;
				CLANG_ENABLE_OBJC_WEAK = YES;
				CLANG_WARN_BLOCK_CAPTURE_AUTORELEASING = YES;
				CLANG_WARN_BOOL_CONVERSION = YES;
				CLANG_WARN_COMMA = YES;
				CLANG_WARN_CONSTANT_CONVERSION = YES;
				CLANG_WARN_DEPRECATED_OBJC_IMPLEMENTATIONS = YES;
				CLANG_WARN_DIRECT_OBJC_ISA_USAGE = YES_ERROR;
				CLANG_WARN_DOCUMENTATION_COMMENTS = YES;
				CLANG_WARN_EMPTY_BODY = YES;
				CLANG_WARN_ENUM_CONVERSION = YES;
				CLANG_WARN_INFINITE_RECURSION = YES;
				CLANG_WARN_INT_CONVERSION = YES;
				CLANG_WARN_NON_LITERAL_NULL_CONVERSION = YES;
				CLANG_WARN_OBJC_IMPLICIT_RETAIN_SELF = YES;
				CLANG_WARN_OBJC_LITERAL_CONVERSION = YES;
				CLANG_WARN_OBJC_ROOT_CLASS = YES_ERROR;
				CLANG_WARN_RANGE_LOOP_ANALYSIS = YES;
				CLANG_WARN_STRICT_PROTOTYPES = YES;
				CLANG_WARN_SUSPICIOUS_MOVE = YES;
				CLANG_WARN_UNGUARDED_AVAILABILITY = YES_AGGRESSIVE;
				CLANG_WARN_UNREACHABLE_CODE = YES;
				CLANG_WARN__DUPLICATE_METHOD_MATCH = YES;
				CODE_SIGN_IDENTITY = "iPhone Developer";
				COPY_PHASE_STRIP = NO;
				DEBUG_INFORMATION_FORMAT = dwarf;
				ENABLE_STRICT_OBJC_MSGSEND = YES;
				ENABLE_TESTABILITY = YES;
				GCC_C_LANGUAGE_STANDARD = gnu11;
				GCC_DYNAMIC_NO_PIC = NO;
				GCC_NO_COMMON_BLOCKS = YES;
				GCC_OPTIMIZATION_LEVEL = 0;
				GCC_PREPROCESSOR_DEFINITIONS = (
					"DEBUG=1",
					"$(inherited)",
				);
				GCC_WARN_64_TO_32_BIT_CONVERSION = YES;
				GCC_WARN_ABOUT_RETURN_TYPE = YES_ERROR;
				GCC_WARN_UNDECLARED_SELECTOR = YES;
				GCC_WARN_UNINITIALIZED_AUTOS = YES_AGGRESSIVE;
				GCC_WARN_UNUSED_FUNCTION = YES;
				GCC_WARN_UNUSED_VARIABLE = YES;
				IPHONEOS_DEPLOYMENT_TARGET = 12.1;
				MTL_ENABLE_DEBUG_INFO = INCLUDE_SOURCE;
				MTL_FAST_MATH = YES;
				ONLY_ACTIVE_ARCH = YES;
				SDKROOT = iphoneos;
				SWIFT_ACTIVE_COMPILATION_CONDITIONS = DEBUG;
				SWIFT_OPTIMIZATION_LEVEL = "-Onone";
			};
			name = Debug;
		};
		D6176558222696D6003E39D9 /* Release */ = {
			isa = XCBuildConfiguration;
			buildSettings = {
				ALWAYS_SEARCH_USER_PATHS = NO;
				CLANG_ANALYZER_NONNULL = YES;
				CLANG_ANALYZER_NUMBER_OBJECT_CONVERSION = YES_AGGRESSIVE;
				CLANG_CXX_LANGUAGE_STANDARD = "gnu++14";
				CLANG_CXX_LIBRARY = "libc++";
				CLANG_ENABLE_MODULES = YES;
				CLANG_ENABLE_OBJC_ARC = YES;
				CLANG_ENABLE_OBJC_WEAK = YES;
				CLANG_WARN_BLOCK_CAPTURE_AUTORELEASING = YES;
				CLANG_WARN_BOOL_CONVERSION = YES;
				CLANG_WARN_COMMA = YES;
				CLANG_WARN_CONSTANT_CONVERSION = YES;
				CLANG_WARN_DEPRECATED_OBJC_IMPLEMENTATIONS = YES;
				CLANG_WARN_DIRECT_OBJC_ISA_USAGE = YES_ERROR;
				CLANG_WARN_DOCUMENTATION_COMMENTS = YES;
				CLANG_WARN_EMPTY_BODY = YES;
				CLANG_WARN_ENUM_CONVERSION = YES;
				CLANG_WARN_INFINITE_RECURSION = YES;
				CLANG_WARN_INT_CONVERSION = YES;
				CLANG_WARN_NON_LITERAL_NULL_CONVERSION = YES;
				CLANG_WARN_OBJC_IMPLICIT_RETAIN_SELF = YES;
				CLANG_WARN_OBJC_LITERAL_CONVERSION = YES;
				CLANG_WARN_OBJC_ROOT_CLASS = YES_ERROR;
				CLANG_WARN_RANGE_LOOP_ANALYSIS = YES;
				CLANG_WARN_STRICT_PROTOTYPES = YES;
				CLANG_WARN_SUSPICIOUS_MOVE = YES;
				CLANG_WARN_UNGUARDED_AVAILABILITY = YES_AGGRESSIVE;
				CLANG_WARN_UNREACHABLE_CODE = YES;
				CLANG_WARN__DUPLICATE_METHOD_MATCH = YES;
				CODE_SIGN_IDENTITY = "iPhone Developer";
				COPY_PHASE_STRIP = NO;
				DEBUG_INFORMATION_FORMAT = "dwarf-with-dsym";
				ENABLE_NS_ASSERTIONS = NO;
				ENABLE_STRICT_OBJC_MSGSEND = YES;
				GCC_C_LANGUAGE_STANDARD = gnu11;
				GCC_NO_COMMON_BLOCKS = YES;
				GCC_WARN_64_TO_32_BIT_CONVERSION = YES;
				GCC_WARN_ABOUT_RETURN_TYPE = YES_ERROR;
				GCC_WARN_UNDECLARED_SELECTOR = YES;
				GCC_WARN_UNINITIALIZED_AUTOS = YES_AGGRESSIVE;
				GCC_WARN_UNUSED_FUNCTION = YES;
				GCC_WARN_UNUSED_VARIABLE = YES;
				IPHONEOS_DEPLOYMENT_TARGET = 12.1;
				MTL_ENABLE_DEBUG_INFO = NO;
				MTL_FAST_MATH = YES;
				SDKROOT = iphoneos;
				SWIFT_COMPILATION_MODE = wholemodule;
				SWIFT_OPTIMIZATION_LEVEL = "-O";
				VALIDATE_PRODUCT = YES;
			};
			name = Release;
		};
		D617655A222696D6003E39D9 /* Debug */ = {
			isa = XCBuildConfiguration;
			buildSettings = {
				ASSETCATALOG_COMPILER_APPICON_NAME = AppIcon;
				CODE_SIGN_STYLE = Automatic;
				DEVELOPMENT_TEAM = TF56ZZML3P;
				INFOPLIST_FILE = Weather/Info.plist;
				LD_RUNPATH_SEARCH_PATHS = (
					"$(inherited)",
					"@executable_path/Frameworks",
				);
				PRODUCT_BUNDLE_IDENTIFIER = "Olga-Lidman.Weather";
				PRODUCT_NAME = "$(TARGET_NAME)";
				SWIFT_VERSION = 4.2;
				TARGETED_DEVICE_FAMILY = "1,2";
			};
			name = Debug;
		};
		D617655B222696D6003E39D9 /* Release */ = {
			isa = XCBuildConfiguration;
			buildSettings = {
				ASSETCATALOG_COMPILER_APPICON_NAME = AppIcon;
				CODE_SIGN_STYLE = Automatic;
				DEVELOPMENT_TEAM = TF56ZZML3P;
				INFOPLIST_FILE = Weather/Info.plist;
				LD_RUNPATH_SEARCH_PATHS = (
					"$(inherited)",
					"@executable_path/Frameworks",
				);
				PRODUCT_BUNDLE_IDENTIFIER = "Olga-Lidman.Weather";
				PRODUCT_NAME = "$(TARGET_NAME)";
				SWIFT_VERSION = 4.2;
				TARGETED_DEVICE_FAMILY = "1,2";
			};
			name = Release;
		};
		D617655D222696D6003E39D9 /* Debug */ = {
			isa = XCBuildConfiguration;
			buildSettings = {
				ALWAYS_EMBED_SWIFT_STANDARD_LIBRARIES = YES;
				BUNDLE_LOADER = "$(TEST_HOST)";
				CODE_SIGN_STYLE = Automatic;
				INFOPLIST_FILE = WeatherTests/Info.plist;
				LD_RUNPATH_SEARCH_PATHS = (
					"$(inherited)",
					"@executable_path/Frameworks",
					"@loader_path/Frameworks",
				);
				PRODUCT_BUNDLE_IDENTIFIER = "Olga-Lidman.WeatherTests";
				PRODUCT_NAME = "$(TARGET_NAME)";
				SWIFT_VERSION = 4.2;
				TARGETED_DEVICE_FAMILY = "1,2";
				TEST_HOST = "$(BUILT_PRODUCTS_DIR)/Weather.app/Weather";
			};
			name = Debug;
		};
		D617655E222696D6003E39D9 /* Release */ = {
			isa = XCBuildConfiguration;
			buildSettings = {
				ALWAYS_EMBED_SWIFT_STANDARD_LIBRARIES = YES;
				BUNDLE_LOADER = "$(TEST_HOST)";
				CODE_SIGN_STYLE = Automatic;
				INFOPLIST_FILE = WeatherTests/Info.plist;
				LD_RUNPATH_SEARCH_PATHS = (
					"$(inherited)",
					"@executable_path/Frameworks",
					"@loader_path/Frameworks",
				);
				PRODUCT_BUNDLE_IDENTIFIER = "Olga-Lidman.WeatherTests";
				PRODUCT_NAME = "$(TARGET_NAME)";
				SWIFT_VERSION = 4.2;
				TARGETED_DEVICE_FAMILY = "1,2";
				TEST_HOST = "$(BUILT_PRODUCTS_DIR)/Weather.app/Weather";
			};
			name = Release;
		};
		D6176560222696D6003E39D9 /* Debug */ = {
			isa = XCBuildConfiguration;
			buildSettings = {
				ALWAYS_EMBED_SWIFT_STANDARD_LIBRARIES = YES;
				CODE_SIGN_STYLE = Automatic;
				INFOPLIST_FILE = WeatherUITests/Info.plist;
				LD_RUNPATH_SEARCH_PATHS = (
					"$(inherited)",
					"@executable_path/Frameworks",
					"@loader_path/Frameworks",
				);
				PRODUCT_BUNDLE_IDENTIFIER = "Olga-Lidman.WeatherUITests";
				PRODUCT_NAME = "$(TARGET_NAME)";
				SWIFT_VERSION = 4.2;
				TARGETED_DEVICE_FAMILY = "1,2";
				TEST_TARGET_NAME = Weather;
			};
			name = Debug;
		};
		D6176561222696D6003E39D9 /* Release */ = {
			isa = XCBuildConfiguration;
			buildSettings = {
				ALWAYS_EMBED_SWIFT_STANDARD_LIBRARIES = YES;
				CODE_SIGN_STYLE = Automatic;
				INFOPLIST_FILE = WeatherUITests/Info.plist;
				LD_RUNPATH_SEARCH_PATHS = (
					"$(inherited)",
					"@executable_path/Frameworks",
					"@loader_path/Frameworks",
				);
				PRODUCT_BUNDLE_IDENTIFIER = "Olga-Lidman.WeatherUITests";
				PRODUCT_NAME = "$(TARGET_NAME)";
				SWIFT_VERSION = 4.2;
				TARGETED_DEVICE_FAMILY = "1,2";
				TEST_TARGET_NAME = Weather;
			};
			name = Release;
		};
/* End XCBuildConfiguration section */

/* Begin XCConfigurationList section */
		D617652C222696D4003E39D9 /* Build configuration list for PBXProject "Weather" */ = {
			isa = XCConfigurationList;
			buildConfigurations = (
				D6176557222696D6003E39D9 /* Debug */,
				D6176558222696D6003E39D9 /* Release */,
			);
			defaultConfigurationIsVisible = 0;
			defaultConfigurationName = Release;
		};
		D6176559222696D6003E39D9 /* Build configuration list for PBXNativeTarget "Weather" */ = {
			isa = XCConfigurationList;
			buildConfigurations = (
				D617655A222696D6003E39D9 /* Debug */,
				D617655B222696D6003E39D9 /* Release */,
			);
			defaultConfigurationIsVisible = 0;
			defaultConfigurationName = Release;
		};
		D617655C222696D6003E39D9 /* Build configuration list for PBXNativeTarget "WeatherTests" */ = {
			isa = XCConfigurationList;
			buildConfigurations = (
				D617655D222696D6003E39D9 /* Debug */,
				D617655E222696D6003E39D9 /* Release */,
			);
			defaultConfigurationIsVisible = 0;
			defaultConfigurationName = Release;
		};
		D617655F222696D6003E39D9 /* Build configuration list for PBXNativeTarget "WeatherUITests" */ = {
			isa = XCConfigurationList;
			buildConfigurations = (
				D6176560222696D6003E39D9 /* Debug */,
				D6176561222696D6003E39D9 /* Release */,
			);
			defaultConfigurationIsVisible = 0;
			defaultConfigurationName = Release;
		};
/* End XCConfigurationList section */
	};
	rootObject = D6176529222696D4003E39D9 /* Project object */;
}
